// !$*UTF8*$!
{
	archiveVersion = 1;
	classes = {
	};
	objectVersion = 50;
	objects = {

/* Begin PBXBuildFile section */
		0837335522BEACDF004A8644 /* AppDelegate.swift in Sources */ = {isa = PBXBuildFile; fileRef = 0837335422BEACDF004A8644 /* AppDelegate.swift */; };
		0837335722BEACDF004A8644 /* ViewController.swift in Sources */ = {isa = PBXBuildFile; fileRef = 0837335622BEACDF004A8644 /* ViewController.swift */; };
		0837335A22BEACDF004A8644 /* Main.storyboard in Resources */ = {isa = PBXBuildFile; fileRef = 0837335822BEACDF004A8644 /* Main.storyboard */; };
		0837335C22BEACE1004A8644 /* Assets.xcassets in Resources */ = {isa = PBXBuildFile; fileRef = 0837335B22BEACE1004A8644 /* Assets.xcassets */; };
		0837335F22BEACE1004A8644 /* LaunchScreen.storyboard in Resources */ = {isa = PBXBuildFile; fileRef = 0837335D22BEACE1004A8644 /* LaunchScreen.storyboard */; };
		0837336722BEAF17004A8644 /* OTPStackView.swift in Sources */ = {isa = PBXBuildFile; fileRef = 0837336622BEAF17004A8644 /* OTPStackView.swift */; };
		0837336922BEBBAE004A8644 /* OTPTextField.swift in Sources */ = {isa = PBXBuildFile; fileRef = 0837336822BEBBAE004A8644 /* OTPTextField.swift */; };
/* End PBXBuildFile section */

/* Begin PBXFileReference section */
		0837335122BEACDF004A8644 /* OTPField.app */ = {isa = PBXFileReference; explicitFileType = wrapper.application; includeInIndex = 0; path = OTPField.app; sourceTree = BUILT_PRODUCTS_DIR; };
		0837335422BEACDF004A8644 /* AppDelegate.swift */ = {isa = PBXFileReference; lastKnownFileType = sourcecode.swift; path = AppDelegate.swift; sourceTree = "<group>"; };
		0837335622BEACDF004A8644 /* ViewController.swift */ = {isa = PBXFileReference; lastKnownFileType = sourcecode.swift; path = ViewController.swift; sourceTree = "<group>"; };
		0837335922BEACDF004A8644 /* Base */ = {isa = PBXFileReference; lastKnownFileType = file.storyboard; name = Base; path = Base.lproj/Main.storyboard; sourceTree = "<group>"; };
		0837335B22BEACE1004A8644 /* Assets.xcassets */ = {isa = PBXFileReference; lastKnownFileType = folder.assetcatalog; path = Assets.xcassets; sourceTree = "<group>"; };
		0837335E22BEACE1004A8644 /* Base */ = {isa = PBXFileReference; lastKnownFileType = file.storyboard; name = Base; path = Base.lproj/LaunchScreen.storyboard; sourceTree = "<group>"; };
		0837336022BEACE1004A8644 /* Info.plist */ = {isa = PBXFileReference; lastKnownFileType = text.plist.xml; path = Info.plist; sourceTree = "<group>"; };
		0837336622BEAF17004A8644 /* OTPStackView.swift */ = {isa = PBXFileReference; lastKnownFileType = sourcecode.swift; path = OTPStackView.swift; sourceTree = "<group>"; };
		0837336822BEBBAE004A8644 /* OTPTextField.swift */ = {isa = PBXFileReference; lastKnownFileType = sourcecode.swift; path = OTPTextField.swift; sourceTree = "<group>"; };
/* End PBXFileReference section */

/* Begin PBXFrameworksBuildPhase section */
		0837334E22BEACDF004A8644 /* Frameworks */ = {
			isa = PBXFrameworksBuildPhase;
			buildActionMask = 2147483647;
			files = (
			);
			runOnlyForDeploymentPostprocessing = 0;
		};
/* End PBXFrameworksBuildPhase section */

/* Begin PBXGroup section */
		0837334822BEACDE004A8644 = {
			isa = PBXGroup;
			children = (
				0837335322BEACDF004A8644 /* OTPField */,
				0837335222BEACDF004A8644 /* Products */,
			);
			sourceTree = "<group>";
		};
		0837335222BEACDF004A8644 /* Products */ = {
			isa = PBXGroup;
			children = (
				0837335122BEACDF004A8644 /* OTPField.app */,
			);
			name = Products;
			sourceTree = "<group>";
		};
		0837335322BEACDF004A8644 /* OTPField */ = {
			isa = PBXGroup;
			children = (
				0837335422BEACDF004A8644 /* AppDelegate.swift */,
				0837335622BEACDF004A8644 /* ViewController.swift */,
				0837336622BEAF17004A8644 /* OTPStackView.swift */,
				0837336822BEBBAE004A8644 /* OTPTextField.swift */,
				0837335822BEACDF004A8644 /* Main.storyboard */,
				0837335B22BEACE1004A8644 /* Assets.xcassets */,
				0837335D22BEACE1004A8644 /* LaunchScreen.storyboard */,
				0837336022BEACE1004A8644 /* Info.plist */,
			);
			path = OTPField;
			sourceTree = "<group>";
		};
/* End PBXGroup section */

/* Begin PBXNativeTarget section */
		0837335022BEACDF004A8644 /* OTPField */ = {
			isa = PBXNativeTarget;
			buildConfigurationList = 0837336322BEACE1004A8644 /* Build configuration list for PBXNativeTarget "OTPField" */;
			buildPhases = (
				0837334D22BEACDF004A8644 /* Sources */,
				0837334E22BEACDF004A8644 /* Frameworks */,
				0837334F22BEACDF004A8644 /* Resources */,
			);
			buildRules = (
			);
			dependencies = (
			);
			name = OTPField;
			productName = OTPField;
			productReference = 0837335122BEACDF004A8644 /* OTPField.app */;
			productType = "com.apple.product-type.application";
		};
/* End PBXNativeTarget section */

/* Begin PBXProject section */
		0837334922BEACDE004A8644 /* Project object */ = {
			isa = PBXProject;
			attributes = {
				LastSwiftUpdateCheck = 1020;
				LastUpgradeCheck = 1020;
				ORGANIZATIONNAME = "Satyenkumar Mourya";
				TargetAttributes = {
					0837335022BEACDF004A8644 = {
						CreatedOnToolsVersion = 10.2.1;
					};
				};
			};
			buildConfigurationList = 0837334C22BEACDF004A8644 /* Build configuration list for PBXProject "OTPField" */;
			compatibilityVersion = "Xcode 9.3";
			developmentRegion = en;
			hasScannedForEncodings = 0;
			knownRegions = (
				en,
				Base,
			);
			mainGroup = 0837334822BEACDE004A8644;
			productRefGroup = 0837335222BEACDF004A8644 /* Products */;
			projectDirPath = "";
			projectRoot = "";
			targets = (
				0837335022BEACDF004A8644 /* OTPField */,
			);
		};
/* End PBXProject section */

/* Begin PBXResourcesBuildPhase section */
		0837334F22BEACDF004A8644 /* Resources */ = {
			isa = PBXResourcesBuildPhase;
			buildActionMask = 2147483647;
			files = (
				0837335F22BEACE1004A8644 /* LaunchScreen.storyboard in Resources */,
				0837335C22BEACE1004A8644 /* Assets.xcassets in Resources */,
				0837335A22BEACDF004A8644 /* Main.storyboard in Resources */,
			);
			runOnlyForDeploymentPostprocessing = 0;
		};
/* End PBXResourcesBuildPhase section */

/* Begin PBXSourcesBuildPhase section */
		0837334D22BEACDF004A8644 /* Sources */ = {
			isa = PBXSourcesBuildPhase;
			buildActionMask = 2147483647;
			files = (
				0837336722BEAF17004A8644 /* OTPStackView.swift in Sources */,
				0837336922BEBBAE004A8644 /* OTPTextField.swift in Sources */,
				0837335722BEACDF004A8644 /* ViewController.swift in Sources */,
				0837335522BEACDF004A8644 /* AppDelegate.swift in Sources */,
			);
			runOnlyForDeploymentPostprocessing = 0;
		};
/* End PBXSourcesBuildPhase section */

/* Begin PBXVariantGroup section */
		0837335822BEACDF004A8644 /* Main.storyboard */ = {
			isa = PBXVariantGroup;
			children = (
				0837335922BEACDF004A8644 /* Base */,
			);
			name = Main.storyboard;
			sourceTree = "<group>";
		};
		0837335D22BEACE1004A8644 /* LaunchScreen.storyboard */ = {
			isa = PBXVariantGroup;
			children = (
				0837335E22BEACE1004A8644 /* Base */,
			);
			name = LaunchScreen.storyboard;
			sourceTree = "<group>";
		};
/* End PBXVariantGroup section */

/* Begin XCBuildConfiguration section */
		0837336122BEACE1004A8644 /* Debug */ = {
			isa = XCBuildConfiguration;
			buildSettings = {
				ALWAYS_SEARCH_USER_PATHS = NO;
				CLANG_ANALYZER_NONNULL = YES;
				CLANG_ANALYZER_NUMBER_OBJECT_CONVERSION = YES_AGGRESSIVE;
				CLANG_CXX_LANGUAGE_STANDARD = "gnu++14";
				CLANG_CXX_LIBRARY = "libc++";
				CLANG_ENABLE_MODULES = YES;
				CLANG_ENABLE_OBJC_ARC = YES;
				CLANG_ENABLE_OBJC_WEAK = YES;
				CLANG_WARN_BLOCK_CAPTURE_AUTORELEASING = YES;
				CLANG_WARN_BOOL_CONVERSION = YES;
				CLANG_WARN_COMMA = YES;
				CLANG_WARN_CONSTANT_CONVERSION = YES;
				CLANG_WARN_DEPRECATED_OBJC_IMPLEMENTATIONS = YES;
				CLANG_WARN_DIRECT_OBJC_ISA_USAGE = YES_ERROR;
				CLANG_WARN_DOCUMENTATION_COMMENTS = YES;
				CLANG_WARN_EMPTY_BODY = YES;
				CLANG_WARN_ENUM_CONVERSION = YES;
				CLANG_WARN_INFINITE_RECURSION = YES;
				CLANG_WARN_INT_CONVERSION = YES;
				CLANG_WARN_NON_LITERAL_NULL_CONVERSION = YES;
				CLANG_WARN_OBJC_IMPLICIT_RETAIN_SELF = YES;
				CLANG_WARN_OBJC_LITERAL_CONVERSION = YES;
				CLANG_WARN_OBJC_ROOT_CLASS = YES_ERROR;
				CLANG_WARN_RANGE_LOOP_ANALYSIS = YES;
				CLANG_WARN_STRICT_PROTOTYPES = YES;
				CLANG_WARN_SUSPICIOUS_MOVE = YES;
				CLANG_WARN_UNGUARDED_AVAILABILITY = YES_AGGRESSIVE;
				CLANG_WARN_UNREACHABLE_CODE = YES;
				CLANG_WARN__DUPLICATE_METHOD_MATCH = YES;
				CODE_SIGN_IDENTITY = "iPhone Developer";
				COPY_PHASE_STRIP = NO;
				DEBUG_INFORMATION_FORMAT = dwarf;
				ENABLE_STRICT_OBJC_MSGSEND = YES;
				ENABLE_TESTABILITY = YES;
				GCC_C_LANGUAGE_STANDARD = gnu11;
				GCC_DYNAMIC_NO_PIC = NO;
				GCC_NO_COMMON_BLOCKS = YES;
				GCC_OPTIMIZATION_LEVEL = 0;
				GCC_PREPROCESSOR_DEFINITIONS = (
					"DEBUG=1",
					"$(inherited)",
				);
				GCC_WARN_64_TO_32_BIT_CONVERSION = YES;
				GCC_WARN_ABOUT_RETURN_TYPE = YES_ERROR;
				GCC_WARN_UNDECLARED_SELECTOR = YES;
				GCC_WARN_UNINITIALIZED_AUTOS = YES_AGGRESSIVE;
				GCC_WARN_UNUSED_FUNCTION = YES;
				GCC_WARN_UNUSED_VARIABLE = YES;
				IPHONEOS_DEPLOYMENT_TARGET = 12.2;
				MTL_ENABLE_DEBUG_INFO = INCLUDE_SOURCE;
				MTL_FAST_MATH = YES;
				ONLY_ACTIVE_ARCH = YES;
				SDKROOT = iphoneos;
				SWIFT_ACTIVE_COMPILATION_CONDITIONS = DEBUG;
				SWIFT_OPTIMIZATION_LEVEL = "-Onone";
			};
			name = Debug;
		};
		0837336222BEACE1004A8644 /* Release */ = {
			isa = XCBuildConfiguration;
			buildSettings = {
				ALWAYS_SEARCH_USER_PATHS = NO;
				CLANG_ANALYZER_NONNULL = YES;
				CLANG_ANALYZER_NUMBER_OBJECT_CONVERSION = YES_AGGRESSIVE;
				CLANG_CXX_LANGUAGE_STANDARD = "gnu++14";
				CLANG_CXX_LIBRARY = "libc++";
				CLANG_ENABLE_MODULES = YES;
				CLANG_ENABLE_OBJC_ARC = YES;
				CLANG_ENABLE_OBJC_WEAK = YES;
				CLANG_WARN_BLOCK_CAPTURE_AUTORELEASING = YES;
				CLANG_WARN_BOOL_CONVERSION = YES;
				CLANG_WARN_COMMA = YES;
				CLANG_WARN_CONSTANT_CONVERSION = YES;
				CLANG_WARN_DEPRECATED_OBJC_IMPLEMENTATIONS = YES;
				CLANG_WARN_DIRECT_OBJC_ISA_USAGE = YES_ERROR;
				CLANG_WARN_DOCUMENTATION_COMMENTS = YES;
				CLANG_WARN_EMPTY_BODY = YES;
				CLANG_WARN_ENUM_CONVERSION = YES;
				CLANG_WARN_INFINITE_RECURSION = YES;
				CLANG_WARN_INT_CONVERSION = YES;
				CLANG_WARN_NON_LITERAL_NULL_CONVERSION = YES;
				CLANG_WARN_OBJC_IMPLICIT_RETAIN_SELF = YES;
				CLANG_WARN_OBJC_LITERAL_CONVERSION = YES;
				CLANG_WARN_OBJC_ROOT_CLASS = YES_ERROR;
				CLANG_WARN_RANGE_LOOP_ANALYSIS = YES;
				CLANG_WARN_STRICT_PROTOTYPES = YES;
				CLANG_WARN_SUSPICIOUS_MOVE = YES;
				CLANG_WARN_UNGUARDED_AVAILABILITY = YES_AGGRESSIVE;
				CLANG_WARN_UNREACHABLE_CODE = YES;
				CLANG_WARN__DUPLICATE_METHOD_MATCH = YES;
				CODE_SIGN_IDENTITY = "iPhone Developer";
				COPY_PHASE_STRIP = NO;
				DEBUG_INFORMATION_FORMAT = "dwarf-with-dsym";
				ENABLE_NS_ASSERTIONS = NO;
				ENABLE_STRICT_OBJC_MSGSEND = YES;
				GCC_C_LANGUAGE_STANDARD = gnu11;
				GCC_NO_COMMON_BLOCKS = YES;
				GCC_WARN_64_TO_32_BIT_CONVERSION = YES;
				GCC_WARN_ABOUT_RETURN_TYPE = YES_ERROR;
				GCC_WARN_UNDECLARED_SELECTOR = YES;
				GCC_WARN_UNINITIALIZED_AUTOS = YES_AGGRESSIVE;
				GCC_WARN_UNUSED_FUNCTION = YES;
				GCC_WARN_UNUSED_VARIABLE = YES;
				IPHONEOS_DEPLOYMENT_TARGET = 12.2;
				MTL_ENABLE_DEBUG_INFO = NO;
				MTL_FAST_MATH = YES;
				SDKROOT = iphoneos;
				SWIFT_COMPILATION_MODE = wholemodule;
				SWIFT_OPTIMIZATION_LEVEL = "-O";
				VALIDATE_PRODUCT = YES;
			};
			name = Release;
		};
		0837336422BEACE1004A8644 /* Debug */ = {
			isa = XCBuildConfiguration;
			buildSettings = {
				ASSETCATALOG_COMPILER_APPICON_NAME = AppIcon;
				CODE_SIGN_STYLE = Automatic;
				DEVELOPMENT_TEAM = F46M75QQMP;
				INFOPLIST_FILE = OTPField/Info.plist;
				LD_RUNPATH_SEARCH_PATHS = (
					"$(inherited)",
					"@executable_path/Frameworks",
				);
				PRODUCT_BUNDLE_IDENTIFIER = com.satyen.OTPField;
				PRODUCT_NAME = "$(TARGET_NAME)";
				SWIFT_VERSION = 5.0;
				TARGETED_DEVICE_FAMILY = "1,2";
			};
			name = Debug;
		};
		0837336522BEACE1004A8644 /* Release */ = {
			isa = XCBuildConfiguration;
			buildSettings = {
				ASSETCATALOG_COMPILER_APPICON_NAME = AppIcon;
				CODE_SIGN_STYLE = Automatic;
				DEVELOPMENT_TEAM = F46M75QQMP;
				INFOPLIST_FILE = OTPField/Info.plist;
				LD_RUNPATH_SEARCH_PATHS = (
					"$(inherited)",
					"@executable_path/Frameworks",
				);
				PRODUCT_BUNDLE_IDENTIFIER = com.satyen.OTPField;
				PRODUCT_NAME = "$(TARGET_NAME)";
				SWIFT_VERSION = 5.0;
				TARGETED_DEVICE_FAMILY = "1,2";
			};
			name = Release;
		};
/* End XCBuildConfiguration section */

/* Begin XCConfigurationList section */
		0837334C22BEACDF004A8644 /* Build configuration list for PBXProject "OTPField" */ = {
			isa = XCConfigurationList;
			buildConfigurations = (
				0837336122BEACE1004A8644 /* Debug */,
				0837336222BEACE1004A8644 /* Release */,
			);
			defaultConfigurationIsVisible = 0;
			defaultConfigurationName = Release;
		};
		0837336322BEACE1004A8644 /* Build configuration list for PBXNativeTarget "OTPField" */ = {
			isa = XCConfigurationList;
			buildConfigurations = (
				0837336422BEACE1004A8644 /* Debug */,
				0837336522BEACE1004A8644 /* Release */,
			);
			defaultConfigurationIsVisible = 0;
			defaultConfigurationName = Release;
		};
/* End XCConfigurationList section */
	};
	rootObject = 0837334922BEACDE004A8644 /* Project object */;
}
